
Microsoft Visual Studio Solution File, Format Version 12.00
# Visual Studio Version 16
VisualStudioVersion = 16.0.29021.104
MinimumVisualStudioVersion = 10.0.40219.1
Project("{8BC9CEB8-8B4A-11D0-8D11-00A0C91BC942}") = "TrOnline", "TrOnline\TrOnline.vcxproj", "{F1EFD92B-C63B-402C-B3A2-EA6AC2033E0B}"
EndProject
Global
	GlobalSection(SolutionConfigurationPlatforms) = preSolution
		Debug|x64 = Debug|x64
		Debug|x86 = Debug|x86
		Release|x64 = Release|x64
		Release|x86 = Release|x86
	EndGlobalSection
	GlobalSection(ProjectConfigurationPlatforms) = postSolution
		{F1EFD92B-C63B-402C-B3A2-EA6AC2033E0B}.Debug|x64.ActiveCfg = Debug|x64
		{F1EFD92B-C63B-402C-B3A2-EA6AC2033E0B}.Debug|x64.Build.0 = Debug|x64
		{F1EFD92B-C63B-402C-B3A2-EA6AC2033E0B}.Debug|x86.ActiveCfg = Debug|Win32
		{F1EFD92B-C63B-402C-B3A2-EA6AC2033E0B}.Debug|x86.Build.0 = Debug|Win32
		{F1EFD92B-C63B-402C-B3A2-EA6AC2033E0B}.Release|x64.ActiveCfg = Release|x64
		{F1EFD92B-C63B-402C-B3A2-EA6AC2033E0B}.Release|x64.Build.0 = Release|x64
		{F1EFD92B-C63B-402C-B3A2-EA6AC2033E0B}.Release|x86.ActiveCfg = Release|Win32
		{F1EFD92B-C63B-402C-B3A2-EA6AC2033E0B}.Release|x86.Build.0 = Release|Win32
	EndGlobalSection
	GlobalSection(SolutionProperties) = preSolution
		HideSolutionNode = FALSE
	EndGlobalSection
	GlobalSection(ExtensibilityGlobals) = postSolution
		SolutionGuid = {4428FD2E-B498-407F-B944-662A9AD69BCA}
	EndGlobalSection
EndGlobal
